// !$*UTF8*$!
{
	archiveVersion = 1;
	classes = {
	};
	objectVersion = 46;
	objects = {

/* Begin PBXBuildFile section */
		6D1D399A1AA0203C00DE27D2 /* AppDelegate.swift in Sources */ = {isa = PBXBuildFile; fileRef = 6D1D39991AA0203C00DE27D2 /* AppDelegate.swift */; };
		6D1D399C1AA0203C00DE27D2 /* ViewController.swift in Sources */ = {isa = PBXBuildFile; fileRef = 6D1D399B1AA0203C00DE27D2 /* ViewController.swift */; };
		6D1D399F1AA0203C00DE27D2 /* Main.storyboard in Resources */ = {isa = PBXBuildFile; fileRef = 6D1D399D1AA0203C00DE27D2 /* Main.storyboard */; };
		6D1D39A11AA0203C00DE27D2 /* Images.xcassets in Resources */ = {isa = PBXBuildFile; fileRef = 6D1D39A01AA0203C00DE27D2 /* Images.xcassets */; };
		6D1D39A41AA0203C00DE27D2 /* LaunchScreen.xib in Resources */ = {isa = PBXBuildFile; fileRef = 6D1D39A21AA0203C00DE27D2 /* LaunchScreen.xib */; };
		6D1D39B01AA0203C00DE27D2 /* myPostCardTests.swift in Sources */ = {isa = PBXBuildFile; fileRef = 6D1D39AF1AA0203C00DE27D2 /* myPostCardTests.swift */; };
		6D1D39BB1AA0210200DE27D2 /* AlbertEinsteinStamp.jpg in Resources */ = {isa = PBXBuildFile; fileRef = 6D1D39B91AA0210200DE27D2 /* AlbertEinsteinStamp.jpg */; };
		6D1D39BC1AA0210200DE27D2 /* SagradaFamilia.jpeg in Resources */ = {isa = PBXBuildFile; fileRef = 6D1D39BA1AA0210200DE27D2 /* SagradaFamilia.jpeg */; };
		6D3C55AD1AA07B2F006F9471 /* 2014-12-30 11.45.35.jpg in Resources */ = {isa = PBXBuildFile; fileRef = 6D3C55AC1AA07B2F006F9471 /* 2014-12-30 11.45.35.jpg */; };
/* End PBXBuildFile section */

/* Begin PBXContainerItemProxy section */
		6D1D39AA1AA0203C00DE27D2 /* PBXContainerItemProxy */ = {
			isa = PBXContainerItemProxy;
			containerPortal = 6D1D398C1AA0203B00DE27D2 /* Project object */;
			proxyType = 1;
			remoteGlobalIDString = 6D1D39931AA0203C00DE27D2;
			remoteInfo = myPostCard;
		};
/* End PBXContainerItemProxy section */

/* Begin PBXFileReference section */
		6D1D39941AA0203C00DE27D2 /* myPostCard.app */ = {isa = PBXFileReference; explicitFileType = wrapper.application; includeInIndex = 0; path = myPostCard.app; sourceTree = BUILT_PRODUCTS_DIR; };
		6D1D39981AA0203C00DE27D2 /* Info.plist */ = {isa = PBXFileReference; lastKnownFileType = text.plist.xml; path = Info.plist; sourceTree = "<group>"; };
		6D1D39991AA0203C00DE27D2 /* AppDelegate.swift */ = {isa = PBXFileReference; lastKnownFileType = sourcecode.swift; path = AppDelegate.swift; sourceTree = "<group>"; };
		6D1D399B1AA0203C00DE27D2 /* ViewController.swift */ = {isa = PBXFileReference; lastKnownFileType = sourcecode.swift; path = ViewController.swift; sourceTree = "<group>"; };
		6D1D399E1AA0203C00DE27D2 /* Base */ = {isa = PBXFileReference; lastKnownFileType = file.storyboard; name = Base; path = Base.lproj/Main.storyboard; sourceTree = "<group>"; };
		6D1D39A01AA0203C00DE27D2 /* Images.xcassets */ = {isa = PBXFileReference; lastKnownFileType = folder.assetcatalog; path = Images.xcassets; sourceTree = "<group>"; };
		6D1D39A31AA0203C00DE27D2 /* Base */ = {isa = PBXFileReference; lastKnownFileType = file.xib; name = Base; path = Base.lproj/LaunchScreen.xib; sourceTree = "<group>"; };
		6D1D39A91AA0203C00DE27D2 /* myPostCardTests.xctest */ = {isa = PBXFileReference; explicitFileType = wrapper.cfbundle; includeInIndex = 0; path = myPostCardTests.xctest; sourceTree = BUILT_PRODUCTS_DIR; };
		6D1D39AE1AA0203C00DE27D2 /* Info.plist */ = {isa = PBXFileReference; lastKnownFileType = text.plist.xml; path = Info.plist; sourceTree = "<group>"; };
		6D1D39AF1AA0203C00DE27D2 /* myPostCardTests.swift */ = {isa = PBXFileReference; lastKnownFileType = sourcecode.swift; path = myPostCardTests.swift; sourceTree = "<group>"; };
		6D1D39B91AA0210200DE27D2 /* AlbertEinsteinStamp.jpg */ = {isa = PBXFileReference; lastKnownFileType = image.jpeg; path = AlbertEinsteinStamp.jpg; sourceTree = "<group>"; };
		6D1D39BA1AA0210200DE27D2 /* SagradaFamilia.jpeg */ = {isa = PBXFileReference; lastKnownFileType = image.jpeg; path = SagradaFamilia.jpeg; sourceTree = "<group>"; };
		6D3C55AC1AA07B2F006F9471 /* 2014-12-30 11.45.35.jpg */ = {isa = PBXFileReference; lastKnownFileType = image.jpeg; path = "2014-12-30 11.45.35.jpg"; sourceTree = "<group>"; };
/* End PBXFileReference section */

/* Begin PBXFrameworksBuildPhase section */
		6D1D39911AA0203C00DE27D2 /* Frameworks */ = {
			isa = PBXFrameworksBuildPhase;
			buildActionMask = 2147483647;
			files = (
			);
			runOnlyForDeploymentPostprocessing = 0;
		};
		6D1D39A61AA0203C00DE27D2 /* Frameworks */ = {
			isa = PBXFrameworksBuildPhase;
			buildActionMask = 2147483647;
			files = (
			);
			runOnlyForDeploymentPostprocessing = 0;
		};
/* End PBXFrameworksBuildPhase section */

/* Begin PBXGroup section */
		6D1D398B1AA0203B00DE27D2 = {
			isa = PBXGroup;
			children = (
				6D1D39961AA0203C00DE27D2 /* myPostCard */,
				6D1D39AC1AA0203C00DE27D2 /* myPostCardTests */,
				6D1D39951AA0203C00DE27D2 /* Products */,
			);
			sourceTree = "<group>";
		};
		6D1D39951AA0203C00DE27D2 /* Products */ = {
			isa = PBXGroup;
			children = (
				6D1D39941AA0203C00DE27D2 /* myPostCard.app */,
				6D1D39A91AA0203C00DE27D2 /* myPostCardTests.xctest */,
			);
			name = Products;
			sourceTree = "<group>";
		};
		6D1D39961AA0203C00DE27D2 /* myPostCard */ = {
			isa = PBXGroup;
			children = (
				6D3C55AC1AA07B2F006F9471 /* 2014-12-30 11.45.35.jpg */,
				6D1D39B91AA0210200DE27D2 /* AlbertEinsteinStamp.jpg */,
				6D1D39BA1AA0210200DE27D2 /* SagradaFamilia.jpeg */,
				6D1D39991AA0203C00DE27D2 /* AppDelegate.swift */,
				6D1D399B1AA0203C00DE27D2 /* ViewController.swift */,
				6D1D399D1AA0203C00DE27D2 /* Main.storyboard */,
				6D1D39A01AA0203C00DE27D2 /* Images.xcassets */,
				6D1D39A21AA0203C00DE27D2 /* LaunchScreen.xib */,
				6D1D39971AA0203C00DE27D2 /* Supporting Files */,
			);
			path = myPostCard;
			sourceTree = "<group>";
		};
		6D1D39971AA0203C00DE27D2 /* Supporting Files */ = {
			isa = PBXGroup;
			children = (
				6D1D39981AA0203C00DE27D2 /* Info.plist */,
			);
			name = "Supporting Files";
			sourceTree = "<group>";
		};
		6D1D39AC1AA0203C00DE27D2 /* myPostCardTests */ = {
			isa = PBXGroup;
			children = (
				6D1D39AF1AA0203C00DE27D2 /* myPostCardTests.swift */,
				6D1D39AD1AA0203C00DE27D2 /* Supporting Files */,
			);
			path = myPostCardTests;
			sourceTree = "<group>";
		};
		6D1D39AD1AA0203C00DE27D2 /* Supporting Files */ = {
			isa = PBXGroup;
			children = (
				6D1D39AE1AA0203C00DE27D2 /* Info.plist */,
			);
			name = "Supporting Files";
			sourceTree = "<group>";
		};
/* End PBXGroup section */

/* Begin PBXNativeTarget section */
		6D1D39931AA0203C00DE27D2 /* myPostCard */ = {
			isa = PBXNativeTarget;
			buildConfigurationList = 6D1D39B31AA0203C00DE27D2 /* Build configuration list for PBXNativeTarget "myPostCard" */;
			buildPhases = (
				6D1D39901AA0203C00DE27D2 /* Sources */,
				6D1D39911AA0203C00DE27D2 /* Frameworks */,
				6D1D39921AA0203C00DE27D2 /* Resources */,
			);
			buildRules = (
			);
			dependencies = (
			);
			name = myPostCard;
			productName = myPostCard;
			productReference = 6D1D39941AA0203C00DE27D2 /* myPostCard.app */;
			productType = "com.apple.product-type.application";
		};
		6D1D39A81AA0203C00DE27D2 /* myPostCardTests */ = {
			isa = PBXNativeTarget;
			buildConfigurationList = 6D1D39B61AA0203C00DE27D2 /* Build configuration list for PBXNativeTarget "myPostCardTests" */;
			buildPhases = (
				6D1D39A51AA0203C00DE27D2 /* Sources */,
				6D1D39A61AA0203C00DE27D2 /* Frameworks */,
				6D1D39A71AA0203C00DE27D2 /* Resources */,
			);
			buildRules = (
			);
			dependencies = (
				6D1D39AB1AA0203C00DE27D2 /* PBXTargetDependency */,
			);
			name = myPostCardTests;
			productName = myPostCardTests;
			productReference = 6D1D39A91AA0203C00DE27D2 /* myPostCardTests.xctest */;
			productType = "com.apple.product-type.bundle.unit-test";
		};
/* End PBXNativeTarget section */

/* Begin PBXProject section */
		6D1D398C1AA0203B00DE27D2 /* Project object */ = {
			isa = PBXProject;
			attributes = {
				LastUpgradeCheck = 0630;
				ORGANIZATIONNAME = "Jason Long";
				TargetAttributes = {
					6D1D39931AA0203C00DE27D2 = {
						CreatedOnToolsVersion = 6.3;
					};
					6D1D39A81AA0203C00DE27D2 = {
						CreatedOnToolsVersion = 6.3;
						TestTargetID = 6D1D39931AA0203C00DE27D2;
					};
				};
			};
			buildConfigurationList = 6D1D398F1AA0203B00DE27D2 /* Build configuration list for PBXProject "myPostCard" */;
			compatibilityVersion = "Xcode 3.2";
			developmentRegion = English;
			hasScannedForEncodings = 0;
			knownRegions = (
				en,
				Base,
			);
			mainGroup = 6D1D398B1AA0203B00DE27D2;
			productRefGroup = 6D1D39951AA0203C00DE27D2 /* Products */;
			projectDirPath = "";
			projectRoot = "";
			targets = (
				6D1D39931AA0203C00DE27D2 /* myPostCard */,
				6D1D39A81AA0203C00DE27D2 /* myPostCardTests */,
			);
		};
/* End PBXProject section */

/* Begin PBXResourcesBuildPhase section */
		6D1D39921AA0203C00DE27D2 /* Resources */ = {
			isa = PBXResourcesBuildPhase;
			buildActionMask = 2147483647;
			files = (
				6D1D39BB1AA0210200DE27D2 /* AlbertEinsteinStamp.jpg in Resources */,
				6D1D399F1AA0203C00DE27D2 /* Main.storyboard in Resources */,
				6D3C55AD1AA07B2F006F9471 /* 2014-12-30 11.45.35.jpg in Resources */,
				6D1D39A41AA0203C00DE27D2 /* LaunchScreen.xib in Resources */,
				6D1D39A11AA0203C00DE27D2 /* Images.xcassets in Resources */,
				6D1D39BC1AA0210200DE27D2 /* SagradaFamilia.jpeg in Resources */,
			);
			runOnlyForDeploymentPostprocessing = 0;
		};
		6D1D39A71AA0203C00DE27D2 /* Resources */ = {
			isa = PBXResourcesBuildPhase;
			buildActionMask = 2147483647;
			files = (
			);
			runOnlyForDeploymentPostprocessing = 0;
		};
/* End PBXResourcesBuildPhase section */

/* Begin PBXSourcesBuildPhase section */
		6D1D39901AA0203C00DE27D2 /* Sources */ = {
			isa = PBXSourcesBuildPhase;
			buildActionMask = 2147483647;
			files = (
				6D1D399C1AA0203C00DE27D2 /* ViewController.swift in Sources */,
				6D1D399A1AA0203C00DE27D2 /* AppDelegate.swift in Sources */,
			);
			runOnlyForDeploymentPostprocessing = 0;
		};
		6D1D39A51AA0203C00DE27D2 /* Sources */ = {
			isa = PBXSourcesBuildPhase;
			buildActionMask = 2147483647;
			files = (
				6D1D39B01AA0203C00DE27D2 /* myPostCardTests.swift in Sources */,
			);
			runOnlyForDeploymentPostprocessing = 0;
		};
/* End PBXSourcesBuildPhase section */

/* Begin PBXTargetDependency section */
		6D1D39AB1AA0203C00DE27D2 /* PBXTargetDependency */ = {
			isa = PBXTargetDependency;
			target = 6D1D39931AA0203C00DE27D2 /* myPostCard */;
			targetProxy = 6D1D39AA1AA0203C00DE27D2 /* PBXContainerItemProxy */;
		};
/* End PBXTargetDependency section */

/* Begin PBXVariantGroup section */
		6D1D399D1AA0203C00DE27D2 /* Main.storyboard */ = {
			isa = PBXVariantGroup;
			children = (
				6D1D399E1AA0203C00DE27D2 /* Base */,
			);
			name = Main.storyboard;
			sourceTree = "<group>";
		};
		6D1D39A21AA0203C00DE27D2 /* LaunchScreen.xib */ = {
			isa = PBXVariantGroup;
			children = (
				6D1D39A31AA0203C00DE27D2 /* Base */,
			);
			name = LaunchScreen.xib;
			sourceTree = "<group>";
		};
/* End PBXVariantGroup section */

/* Begin XCBuildConfiguration section */
		6D1D39B11AA0203C00DE27D2 /* Debug */ = {
			isa = XCBuildConfiguration;
			buildSettings = {
				ALWAYS_SEARCH_USER_PATHS = NO;
				CLANG_CXX_LANGUAGE_STANDARD = "gnu++0x";
				CLANG_CXX_LIBRARY = "libc++";
				CLANG_ENABLE_MODULES = YES;
				CLANG_ENABLE_OBJC_ARC = YES;
				CLANG_WARN_BOOL_CONVERSION = YES;
				CLANG_WARN_CONSTANT_CONVERSION = YES;
				CLANG_WARN_DIRECT_OBJC_ISA_USAGE = YES_ERROR;
				CLANG_WARN_EMPTY_BODY = YES;
				CLANG_WARN_ENUM_CONVERSION = YES;
				CLANG_WARN_INT_CONVERSION = YES;
				CLANG_WARN_OBJC_ROOT_CLASS = YES_ERROR;
				CLANG_WARN_UNREACHABLE_CODE = YES;
				CLANG_WARN__DUPLICATE_METHOD_MATCH = YES;
				"CODE_SIGN_IDENTITY[sdk=iphoneos*]" = "iPhone Developer";
				COPY_PHASE_STRIP = NO;
				DEBUG_INFORMATION_FORMAT = dwarf;
				ENABLE_STRICT_OBJC_MSGSEND = YES;
				GCC_C_LANGUAGE_STANDARD = gnu99;
				GCC_DYNAMIC_NO_PIC = NO;
				GCC_OPTIMIZATION_LEVEL = 0;
				GCC_PREPROCESSOR_DEFINITIONS = (
					"DEBUG=1",
					"$(inherited)",
				);
				GCC_SYMBOLS_PRIVATE_EXTERN = NO;
				GCC_WARN_64_TO_32_BIT_CONVERSION = YES;
				GCC_WARN_ABOUT_RETURN_TYPE = YES_ERROR;
				GCC_WARN_UNDECLARED_SELECTOR = YES;
				GCC_WARN_UNINITIALIZED_AUTOS = YES_AGGRESSIVE;
				GCC_WARN_UNUSED_FUNCTION = YES;
				GCC_WARN_UNUSED_VARIABLE = YES;
				IPHONEOS_DEPLOYMENT_TARGET = 8.3;
				MTL_ENABLE_DEBUG_INFO = YES;
				ONLY_ACTIVE_ARCH = YES;
				SDKROOT = iphoneos;
				SWIFT_OPTIMIZATION_LEVEL = "-Onone";
			};
			name = Debug;
		};
		6D1D39B21AA0203C00DE27D2 /* Release */ = {
			isa = XCBuildConfiguration;
			buildSettings = {
				ALWAYS_SEARCH_USER_PATHS = NO;
				CLANG_CXX_LANGUAGE_STANDARD = "gnu++0x";
				CLANG_CXX_LIBRARY = "libc++";
				CLANG_ENABLE_MODULES = YES;
				CLANG_ENABLE_OBJC_ARC = YES;
				CLANG_WARN_BOOL_CONVERSION = YES;
				CLANG_WARN_CONSTANT_CONVERSION = YES;
				CLANG_WARN_DIRECT_OBJC_ISA_USAGE = YES_ERROR;
				CLANG_WARN_EMPTY_BODY = YES;
				CLANG_WARN_ENUM_CONVERSION = YES;
				CLANG_WARN_INT_CONVERSION = YES;
				CLANG_WARN_OBJC_ROOT_CLASS = YES_ERROR;
				CLANG_WARN_UNREACHABLE_CODE = YES;
				CLANG_WARN__DUPLICATE_METHOD_MATCH = YES;
				"CODE_SIGN_IDENTITY[sdk=iphoneos*]" = "iPhone Developer";
				COPY_PHASE_STRIP = NO;
				DEBUG_INFORMATION_FORMAT = "dwarf-with-dsym";
				ENABLE_NS_ASSERTIONS = NO;
				ENABLE_STRICT_OBJC_MSGSEND = YES;
				GCC_C_LANGUAGE_STANDARD = gnu99;
				GCC_WARN_64_TO_32_BIT_CONVERSION = YES;
				GCC_WARN_ABOUT_RETURN_TYPE = YES_ERROR;
				GCC_WARN_UNDECLARED_SELECTOR = YES;
				GCC_WARN_UNINITIALIZED_AUTOS = YES_AGGRESSIVE;
				GCC_WARN_UNUSED_FUNCTION = YES;
				GCC_WARN_UNUSED_VARIABLE = YES;
				IPHONEOS_DEPLOYMENT_TARGET = 8.3;
				MTL_ENABLE_DEBUG_INFO = NO;
				SDKROOT = iphoneos;
				VALIDATE_PRODUCT = YES;
			};
			name = Release;
		};
		6D1D39B41AA0203C00DE27D2 /* Debug */ = {
			isa = XCBuildConfiguration;
			buildSettings = {
				ASSETCATALOG_COMPILER_APPICON_NAME = AppIcon;
				INFOPLIST_FILE = myPostCard/Info.plist;
				LD_RUNPATH_SEARCH_PATHS = "$(inherited) @executable_path/Frameworks";
				PRODUCT_NAME = "$(TARGET_NAME)";
			};
			name = Debug;
		};
		6D1D39B51AA0203C00DE27D2 /* Release */ = {
			isa = XCBuildConfiguration;
			buildSettings = {
				ASSETCATALOG_COMPILER_APPICON_NAME = AppIcon;
				INFOPLIST_FILE = myPostCard/Info.plist;
				LD_RUNPATH_SEARCH_PATHS = "$(inherited) @executable_path/Frameworks";
				PRODUCT_NAME = "$(TARGET_NAME)";
			};
			name = Release;
		};
		6D1D39B71AA0203C00DE27D2 /* Debug */ = {
			isa = XCBuildConfiguration;
			buildSettings = {
				BUNDLE_LOADER = "$(TEST_HOST)";
				FRAMEWORK_SEARCH_PATHS = (
					"$(SDKROOT)/Developer/Library/Frameworks",
					"$(inherited)",
				);
				GCC_PREPROCESSOR_DEFINITIONS = (
					"DEBUG=1",
					"$(inherited)",
				);
				INFOPLIST_FILE = myPostCardTests/Info.plist;
				LD_RUNPATH_SEARCH_PATHS = "$(inherited) @executable_path/Frameworks @loader_path/Frameworks";
				PRODUCT_NAME = "$(TARGET_NAME)";
				TEST_HOST = "$(BUILT_PRODUCTS_DIR)/myPostCard.app/myPostCard";
			};
			name = Debug;
		};
		6D1D39B81AA0203C00DE27D2 /* Release */ = {
			isa = XCBuildConfiguration;
			buildSettings = {
				BUNDLE_LOADER = "$(TEST_HOST)";
				FRAMEWORK_SEARCH_PATHS = (
					"$(SDKROOT)/Developer/Library/Frameworks",
					"$(inherited)",
				);
				INFOPLIST_FILE = myPostCardTests/Info.plist;
				LD_RUNPATH_SEARCH_PATHS = "$(inherited) @executable_path/Frameworks @loader_path/Frameworks";
				PRODUCT_NAME = "$(TARGET_NAME)";
				TEST_HOST = "$(BUILT_PRODUCTS_DIR)/myPostCard.app/myPostCard";
			};
			name = Release;
		};
/* End XCBuildConfiguration section */

/* Begin XCConfigurationList section */
		6D1D398F1AA0203B00DE27D2 /* Build configuration list for PBXProject "myPostCard" */ = {
			isa = XCConfigurationList;
			buildConfigurations = (
				6D1D39B11AA0203C00DE27D2 /* Debug */,
				6D1D39B21AA0203C00DE27D2 /* Release */,
			);
			defaultConfigurationIsVisible = 0;
			defaultConfigurationName = Release;
		};
		6D1D39B31AA0203C00DE27D2 /* Build configuration list for PBXNativeTarget "myPostCard" */ = {
			isa = XCConfigurationList;
			buildConfigurations = (
				6D1D39B41AA0203C00DE27D2 /* Debug */,
				6D1D39B51AA0203C00DE27D2 /* Release */,
			);
			defaultConfigurationIsVisible = 0;
			defaultConfigurationName = Release;
		};
		6D1D39B61AA0203C00DE27D2 /* Build configuration list for PBXNativeTarget "myPostCardTests" */ = {
			isa = XCConfigurationList;
			buildConfigurations = (
				6D1D39B71AA0203C00DE27D2 /* Debug */,
				6D1D39B81AA0203C00DE27D2 /* Release */,
			);
			defaultConfigurationIsVisible = 0;
			defaultConfigurationName = Release;
		};
/* End XCConfigurationList section */
	};
	rootObject = 6D1D398C1AA0203B00DE27D2 /* Project object */;
}
